
Microsoft Visual Studio Solution File, Format Version 12.00
# Visual Studio 2012
VisualStudioVersion = 14.0.23107.0
MinimumVisualStudioVersion = 10.0.40219.1
Project("{FAE04EC0-301F-11D3-BF4B-00C04F79EFBC}") = "DevDaysDCSample", "DevDaysDCSample\DevDaysDCSample\DevDaysDCSample.csproj", "{2D222C4B-BD20-4B82-8A92-242C199423A7}"
EndProject
Project("{FAE04EC0-301F-11D3-BF4B-00C04F79EFBC}") = "DevDaysDCSample.iOS", "DevDaysDCSample\DevDaysDCSample.iOS\DevDaysDCSample.iOS.csproj", "{93A8A1D7-11F2-4749-B33E-58AB36CFEEA3}"
EndProject
Project("{FAE04EC0-301F-11D3-BF4B-00C04F79EFBC}") = "DevDaysDCSample.Droid", "DevDaysDCSample\DevDaysDCSample.Droid\DevDaysDCSample.Droid.csproj", "{6A9BB14B-ACCB-46B7-A077-5044F68E31F2}"
EndProject
Project("{FAE04EC0-301F-11D3-BF4B-00C04F79EFBC}") = "DevDaysDCSample.WinPhone", "DevDaysDCSample.WinPhone\DevDaysDCSample.WinPhone.csproj", "{13E439C1-E222-439C-B5CD-7B37D9132150}"
EndProject
Global
	GlobalSection(SolutionConfigurationPlatforms) = preSolution
		Ad-Hoc|Any CPU = Ad-Hoc|Any CPU
		Ad-Hoc|ARM = Ad-Hoc|ARM
		Ad-Hoc|iPhone = Ad-Hoc|iPhone
		Ad-Hoc|iPhoneSimulator = Ad-Hoc|iPhoneSimulator
		Ad-Hoc|x86 = Ad-Hoc|x86
		AppStore|Any CPU = AppStore|Any CPU
		AppStore|ARM = AppStore|ARM
		AppStore|iPhone = AppStore|iPhone
		AppStore|iPhoneSimulator = AppStore|iPhoneSimulator
		AppStore|x86 = AppStore|x86
		Debug|Any CPU = Debug|Any CPU
		Debug|ARM = Debug|ARM
		Debug|iPhone = Debug|iPhone
		Debug|iPhoneSimulator = Debug|iPhoneSimulator
		Debug|x86 = Debug|x86
		Release|Any CPU = Release|Any CPU
		Release|ARM = Release|ARM
		Release|iPhone = Release|iPhone
		Release|iPhoneSimulator = Release|iPhoneSimulator
		Release|x86 = Release|x86
	EndGlobalSection
	GlobalSection(ProjectConfigurationPlatforms) = postSolution
		{13E439C1-E222-439C-B5CD-7B37D9132150}.Ad-Hoc|Any CPU.ActiveCfg = Release|Any CPU
		{13E439C1-E222-439C-B5CD-7B37D9132150}.Ad-Hoc|Any CPU.Build.0 = Release|Any CPU
		{13E439C1-E222-439C-B5CD-7B37D9132150}.Ad-Hoc|Any CPU.Deploy.0 = Release|Any CPU
		{13E439C1-E222-439C-B5CD-7B37D9132150}.Ad-Hoc|ARM.ActiveCfg = Release|ARM
		{13E439C1-E222-439C-B5CD-7B37D9132150}.Ad-Hoc|ARM.Build.0 = Release|ARM
		{13E439C1-E222-439C-B5CD-7B37D9132150}.Ad-Hoc|ARM.Deploy.0 = Release|ARM
		{13E439C1-E222-439C-B5CD-7B37D9132150}.Ad-Hoc|iPhone.ActiveCfg = Release|Any CPU
		{13E439C1-E222-439C-B5CD-7B37D9132150}.Ad-Hoc|iPhone.Build.0 = Release|Any CPU
		{13E439C1-E222-439C-B5CD-7B37D9132150}.Ad-Hoc|iPhone.Deploy.0 = Release|Any CPU
		{13E439C1-E222-439C-B5CD-7B37D9132150}.Ad-Hoc|iPhoneSimulator.ActiveCfg = Release|Any CPU
		{13E439C1-E222-439C-B5CD-7B37D9132150}.Ad-Hoc|iPhoneSimulator.Build.0 = Release|Any CPU
		{13E439C1-E222-439C-B5CD-7B37D9132150}.Ad-Hoc|iPhoneSimulator.Deploy.0 = Release|Any CPU
		{13E439C1-E222-439C-B5CD-7B37D9132150}.Ad-Hoc|x86.ActiveCfg = Release|x86
		{13E439C1-E222-439C-B5CD-7B37D9132150}.Ad-Hoc|x86.Build.0 = Release|x86
		{13E439C1-E222-439C-B5CD-7B37D9132150}.Ad-Hoc|x86.Deploy.0 = Release|x86
		{13E439C1-E222-439C-B5CD-7B37D9132150}.AppStore|Any CPU.ActiveCfg = Release|Any CPU
		{13E439C1-E222-439C-B5CD-7B37D9132150}.AppStore|Any CPU.Build.0 = Release|Any CPU
		{13E439C1-E222-439C-B5CD-7B37D9132150}.AppStore|Any CPU.Deploy.0 = Release|Any CPU
		{13E439C1-E222-439C-B5CD-7B37D9132150}.AppStore|ARM.ActiveCfg = Release|ARM
		{13E439C1-E222-439C-B5CD-7B37D9132150}.AppStore|ARM.Build.0 = Release|ARM
		{13E439C1-E222-439C-B5CD-7B37D9132150}.AppStore|ARM.Deploy.0 = Release|ARM
		{13E439C1-E222-439C-B5CD-7B37D9132150}.AppStore|iPhone.ActiveCfg = Release|Any CPU
		{13E439C1-E222-439C-B5CD-7B37D9132150}.AppStore|iPhone.Build.0 = Release|Any CPU
		{13E439C1-E222-439C-B5CD-7B37D9132150}.AppStore|iPhone.Deploy.0 = Release|Any CPU
		{13E439C1-E222-439C-B5CD-7B37D9132150}.AppStore|iPhoneSimulator.ActiveCfg = Release|Any CPU
		{13E439C1-E222-439C-B5CD-7B37D9132150}.AppStore|iPhoneSimulator.Build.0 = Release|Any CPU
		{13E439C1-E222-439C-B5CD-7B37D9132150}.AppStore|iPhoneSimulator.Deploy.0 = Release|Any CPU
		{13E439C1-E222-439C-B5CD-7B37D9132150}.AppStore|x86.ActiveCfg = Release|x86
		{13E439C1-E222-439C-B5CD-7B37D9132150}.AppStore|x86.Build.0 = Release|x86
		{13E439C1-E222-439C-B5CD-7B37D9132150}.AppStore|x86.Deploy.0 = Release|x86
		{13E439C1-E222-439C-B5CD-7B37D9132150}.Debug|Any CPU.ActiveCfg = Debug|Any CPU
		{13E439C1-E222-439C-B5CD-7B37D9132150}.Debug|Any CPU.Build.0 = Debug|Any CPU
		{13E439C1-E222-439C-B5CD-7B37D9132150}.Debug|Any CPU.Deploy.0 = Debug|Any CPU
		{13E439C1-E222-439C-B5CD-7B37D9132150}.Debug|ARM.ActiveCfg = Debug|ARM
		{13E439C1-E222-439C-B5CD-7B37D9132150}.Debug|ARM.Build.0 = Debug|ARM
		{13E439C1-E222-439C-B5CD-7B37D9132150}.Debug|ARM.Deploy.0 = Debug|ARM
		{13E439C1-E222-439C-B5CD-7B37D9132150}.Debug|iPhone.ActiveCfg = Debug|Any CPU
		{13E439C1-E222-439C-B5CD-7B37D9132150}.Debug|iPhone.Build.0 = Debug|Any CPU
		{13E439C1-E222-439C-B5CD-7B37D9132150}.Debug|iPhone.Deploy.0 = Debug|Any CPU
		{13E439C1-E222-439C-B5CD-7B37D9132150}.Debug|iPhoneSimulator.ActiveCfg = Debug|Any CPU
		{13E439C1-E222-439C-B5CD-7B37D9132150}.Debug|iPhoneSimulator.Build.0 = Debug|Any CPU
		{13E439C1-E222-439C-B5CD-7B37D9132150}.Debug|iPhoneSimulator.Deploy.0 = Debug|Any CPU
		{13E439C1-E222-439C-B5CD-7B37D9132150}.Debug|x86.ActiveCfg = Debug|x86
		{13E439C1-E222-439C-B5CD-7B37D9132150}.Debug|x86.Build.0 = Debug|x86
		{13E439C1-E222-439C-B5CD-7B37D9132150}.Debug|x86.Deploy.0 = Debug|x86
		{13E439C1-E222-439C-B5CD-7B37D9132150}.Release|Any CPU.ActiveCfg = Release|Any CPU
		{13E439C1-E222-439C-B5CD-7B37D9132150}.Release|Any CPU.Build.0 = Release|Any CPU
		{13E439C1-E222-439C-B5CD-7B37D9132150}.Release|Any CPU.Deploy.0 = Release|Any CPU
		{13E439C1-E222-439C-B5CD-7B37D9132150}.Release|ARM.ActiveCfg = Release|ARM
		{13E439C1-E222-439C-B5CD-7B37D9132150}.Release|ARM.Build.0 = Release|ARM
		{13E439C1-E222-439C-B5CD-7B37D9132150}.Release|ARM.Deploy.0 = Release|ARM
		{13E439C1-E222-439C-B5CD-7B37D9132150}.Release|iPhone.ActiveCfg = Release|Any CPU
		{13E439C1-E222-439C-B5CD-7B37D9132150}.Release|iPhone.Build.0 = Release|Any CPU
		{13E439C1-E222-439C-B5CD-7B37D9132150}.Release|iPhone.Deploy.0 = Release|Any CPU
		{13E439C1-E222-439C-B5CD-7B37D9132150}.Release|iPhoneSimulator.ActiveCfg = Release|Any CPU
		{13E439C1-E222-439C-B5CD-7B37D9132150}.Release|iPhoneSimulator.Build.0 = Release|Any CPU
		{13E439C1-E222-439C-B5CD-7B37D9132150}.Release|iPhoneSimulator.Deploy.0 = Release|Any CPU
		{13E439C1-E222-439C-B5CD-7B37D9132150}.Release|x86.ActiveCfg = Release|x86
		{13E439C1-E222-439C-B5CD-7B37D9132150}.Release|x86.Build.0 = Release|x86
		{13E439C1-E222-439C-B5CD-7B37D9132150}.Release|x86.Deploy.0 = Release|x86
		{2D222C4B-BD20-4B82-8A92-242C199423A7}.Ad-Hoc|Any CPU.ActiveCfg = Release|Any CPU
		{2D222C4B-BD20-4B82-8A92-242C199423A7}.Ad-Hoc|Any CPU.Build.0 = Release|Any CPU
		{2D222C4B-BD20-4B82-8A92-242C199423A7}.Ad-Hoc|ARM.ActiveCfg = Release|Any CPU
		{2D222C4B-BD20-4B82-8A92-242C199423A7}.Ad-Hoc|ARM.Build.0 = Release|Any CPU
		{2D222C4B-BD20-4B82-8A92-242C199423A7}.Ad-Hoc|iPhone.ActiveCfg = Release|Any CPU
		{2D222C4B-BD20-4B82-8A92-242C199423A7}.Ad-Hoc|iPhone.Build.0 = Release|Any CPU
		{2D222C4B-BD20-4B82-8A92-242C199423A7}.Ad-Hoc|iPhoneSimulator.ActiveCfg = Release|Any CPU
		{2D222C4B-BD20-4B82-8A92-242C199423A7}.Ad-Hoc|iPhoneSimulator.Build.0 = Release|Any CPU
		{2D222C4B-BD20-4B82-8A92-242C199423A7}.Ad-Hoc|x86.ActiveCfg = Release|Any CPU
		{2D222C4B-BD20-4B82-8A92-242C199423A7}.Ad-Hoc|x86.Build.0 = Release|Any CPU
		{2D222C4B-BD20-4B82-8A92-242C199423A7}.AppStore|Any CPU.ActiveCfg = Release|Any CPU
		{2D222C4B-BD20-4B82-8A92-242C199423A7}.AppStore|Any CPU.Build.0 = Release|Any CPU
		{2D222C4B-BD20-4B82-8A92-242C199423A7}.AppStore|ARM.ActiveCfg = Release|Any CPU
		{2D222C4B-BD20-4B82-8A92-242C199423A7}.AppStore|ARM.Build.0 = Release|Any CPU
		{2D222C4B-BD20-4B82-8A92-242C199423A7}.AppStore|iPhone.ActiveCfg = Release|Any CPU
		{2D222C4B-BD20-4B82-8A92-242C199423A7}.AppStore|iPhone.Build.0 = Release|Any CPU
		{2D222C4B-BD20-4B82-8A92-242C199423A7}.AppStore|iPhoneSimulator.ActiveCfg = Release|Any CPU
		{2D222C4B-BD20-4B82-8A92-242C199423A7}.AppStore|iPhoneSimulator.Build.0 = Release|Any CPU
		{2D222C4B-BD20-4B82-8A92-242C199423A7}.AppStore|x86.ActiveCfg = Release|Any CPU
		{2D222C4B-BD20-4B82-8A92-242C199423A7}.AppStore|x86.Build.0 = Release|Any CPU
		{2D222C4B-BD20-4B82-8A92-242C199423A7}.Debug|Any CPU.ActiveCfg = Debug|Any CPU
		{2D222C4B-BD20-4B82-8A92-242C199423A7}.Debug|Any CPU.Build.0 = Debug|Any CPU
		{2D222C4B-BD20-4B82-8A92-242C199423A7}.Debug|ARM.ActiveCfg = Debug|Any CPU
		{2D222C4B-BD20-4B82-8A92-242C199423A7}.Debug|ARM.Build.0 = Debug|Any CPU
		{2D222C4B-BD20-4B82-8A92-242C199423A7}.Debug|iPhone.ActiveCfg = Debug|Any CPU
		{2D222C4B-BD20-4B82-8A92-242C199423A7}.Debug|iPhone.Build.0 = Debug|Any CPU
		{2D222C4B-BD20-4B82-8A92-242C199423A7}.Debug|iPhoneSimulator.ActiveCfg = Debug|Any CPU
		{2D222C4B-BD20-4B82-8A92-242C199423A7}.Debug|iPhoneSimulator.Build.0 = Debug|Any CPU
		{2D222C4B-BD20-4B82-8A92-242C199423A7}.Debug|x86.ActiveCfg = Debug|Any CPU
		{2D222C4B-BD20-4B82-8A92-242C199423A7}.Debug|x86.Build.0 = Debug|Any CPU
		{2D222C4B-BD20-4B82-8A92-242C199423A7}.Release|Any CPU.ActiveCfg = Release|Any CPU
		{2D222C4B-BD20-4B82-8A92-242C199423A7}.Release|Any CPU.Build.0 = Release|Any CPU
		{2D222C4B-BD20-4B82-8A92-242C199423A7}.Release|ARM.ActiveCfg = Release|Any CPU
		{2D222C4B-BD20-4B82-8A92-242C199423A7}.Release|ARM.Build.0 = Release|Any CPU
		{2D222C4B-BD20-4B82-8A92-242C199423A7}.Release|iPhone.ActiveCfg = Release|Any CPU
		{2D222C4B-BD20-4B82-8A92-242C199423A7}.Release|iPhone.Build.0 = Release|Any CPU
		{2D222C4B-BD20-4B82-8A92-242C199423A7}.Release|iPhoneSimulator.ActiveCfg = Release|Any CPU
		{2D222C4B-BD20-4B82-8A92-242C199423A7}.Release|iPhoneSimulator.Build.0 = Release|Any CPU
		{2D222C4B-BD20-4B82-8A92-242C199423A7}.Release|x86.ActiveCfg = Release|Any CPU
		{2D222C4B-BD20-4B82-8A92-242C199423A7}.Release|x86.Build.0 = Release|Any CPU
		{6A9BB14B-ACCB-46B7-A077-5044F68E31F2}.Ad-Hoc|Any CPU.ActiveCfg = Release|Any CPU
		{6A9BB14B-ACCB-46B7-A077-5044F68E31F2}.Ad-Hoc|Any CPU.Build.0 = Release|Any CPU
		{6A9BB14B-ACCB-46B7-A077-5044F68E31F2}.Ad-Hoc|Any CPU.Deploy.0 = Release|Any CPU
		{6A9BB14B-ACCB-46B7-A077-5044F68E31F2}.Ad-Hoc|ARM.ActiveCfg = Release|Any CPU
		{6A9BB14B-ACCB-46B7-A077-5044F68E31F2}.Ad-Hoc|ARM.Build.0 = Release|Any CPU
		{6A9BB14B-ACCB-46B7-A077-5044F68E31F2}.Ad-Hoc|ARM.Deploy.0 = Release|Any CPU
		{6A9BB14B-ACCB-46B7-A077-5044F68E31F2}.Ad-Hoc|iPhone.ActiveCfg = Release|Any CPU
		{6A9BB14B-ACCB-46B7-A077-5044F68E31F2}.Ad-Hoc|iPhone.Build.0 = Release|Any CPU
		{6A9BB14B-ACCB-46B7-A077-5044F68E31F2}.Ad-Hoc|iPhone.Deploy.0 = Release|Any CPU
		{6A9BB14B-ACCB-46B7-A077-5044F68E31F2}.Ad-Hoc|iPhoneSimulator.ActiveCfg = Release|Any CPU
		{6A9BB14B-ACCB-46B7-A077-5044F68E31F2}.Ad-Hoc|iPhoneSimulator.Build.0 = Release|Any CPU
		{6A9BB14B-ACCB-46B7-A077-5044F68E31F2}.Ad-Hoc|iPhoneSimulator.Deploy.0 = Release|Any CPU
		{6A9BB14B-ACCB-46B7-A077-5044F68E31F2}.Ad-Hoc|x86.ActiveCfg = Release|Any CPU
		{6A9BB14B-ACCB-46B7-A077-5044F68E31F2}.Ad-Hoc|x86.Build.0 = Release|Any CPU
		{6A9BB14B-ACCB-46B7-A077-5044F68E31F2}.Ad-Hoc|x86.Deploy.0 = Release|Any CPU
		{6A9BB14B-ACCB-46B7-A077-5044F68E31F2}.AppStore|Any CPU.ActiveCfg = Release|Any CPU
		{6A9BB14B-ACCB-46B7-A077-5044F68E31F2}.AppStore|Any CPU.Build.0 = Release|Any CPU
		{6A9BB14B-ACCB-46B7-A077-5044F68E31F2}.AppStore|Any CPU.Deploy.0 = Release|Any CPU
		{6A9BB14B-ACCB-46B7-A077-5044F68E31F2}.AppStore|ARM.ActiveCfg = Release|Any CPU
		{6A9BB14B-ACCB-46B7-A077-5044F68E31F2}.AppStore|ARM.Build.0 = Release|Any CPU
		{6A9BB14B-ACCB-46B7-A077-5044F68E31F2}.AppStore|ARM.Deploy.0 = Release|Any CPU
		{6A9BB14B-ACCB-46B7-A077-5044F68E31F2}.AppStore|iPhone.ActiveCfg = Release|Any CPU
		{6A9BB14B-ACCB-46B7-A077-5044F68E31F2}.AppStore|iPhone.Build.0 = Release|Any CPU
		{6A9BB14B-ACCB-46B7-A077-5044F68E31F2}.AppStore|iPhone.Deploy.0 = Release|Any CPU
		{6A9BB14B-ACCB-46B7-A077-5044F68E31F2}.AppStore|iPhoneSimulator.ActiveCfg = Release|Any CPU
		{6A9BB14B-ACCB-46B7-A077-5044F68E31F2}.AppStore|iPhoneSimulator.Build.0 = Release|Any CPU
		{6A9BB14B-ACCB-46B7-A077-5044F68E31F2}.AppStore|iPhoneSimulator.Deploy.0 = Release|Any CPU
		{6A9BB14B-ACCB-46B7-A077-5044F68E31F2}.AppStore|x86.ActiveCfg = Release|Any CPU
		{6A9BB14B-ACCB-46B7-A077-5044F68E31F2}.AppStore|x86.Build.0 = Release|Any CPU
		{6A9BB14B-ACCB-46B7-A077-5044F68E31F2}.AppStore|x86.Deploy.0 = Release|Any CPU
		{6A9BB14B-ACCB-46B7-A077-5044F68E31F2}.Debug|Any CPU.ActiveCfg = Debug|Any CPU
		{6A9BB14B-ACCB-46B7-A077-5044F68E31F2}.Debug|Any CPU.Build.0 = Debug|Any CPU
		{6A9BB14B-ACCB-46B7-A077-5044F68E31F2}.Debug|Any CPU.Deploy.0 = Debug|Any CPU
		{6A9BB14B-ACCB-46B7-A077-5044F68E31F2}.Debug|ARM.ActiveCfg = Debug|Any CPU
		{6A9BB14B-ACCB-46B7-A077-5044F68E31F2}.Debug|ARM.Build.0 = Debug|Any CPU
		{6A9BB14B-ACCB-46B7-A077-5044F68E31F2}.Debug|ARM.Deploy.0 = Debug|Any CPU
		{6A9BB14B-ACCB-46B7-A077-5044F68E31F2}.Debug|iPhone.ActiveCfg = Debug|Any CPU
		{6A9BB14B-ACCB-46B7-A077-5044F68E31F2}.Debug|iPhone.Build.0 = Debug|Any CPU
		{6A9BB14B-ACCB-46B7-A077-5044F68E31F2}.Debug|iPhone.Deploy.0 = Debug|Any CPU
		{6A9BB14B-ACCB-46B7-A077-5044F68E31F2}.Debug|iPhoneSimulator.ActiveCfg = Debug|Any CPU
		{6A9BB14B-ACCB-46B7-A077-5044F68E31F2}.Debug|iPhoneSimulator.Build.0 = Debug|Any CPU
		{6A9BB14B-ACCB-46B7-A077-5044F68E31F2}.Debug|iPhoneSimulator.Deploy.0 = Debug|Any CPU
		{6A9BB14B-ACCB-46B7-A077-5044F68E31F2}.Debug|x86.ActiveCfg = Debug|Any CPU
		{6A9BB14B-ACCB-46B7-A077-5044F68E31F2}.Debug|x86.Build.0 = Debug|Any CPU
		{6A9BB14B-ACCB-46B7-A077-5044F68E31F2}.Debug|x86.Deploy.0 = Debug|Any CPU
		{6A9BB14B-ACCB-46B7-A077-5044F68E31F2}.Release|Any CPU.ActiveCfg = Release|Any CPU
		{6A9BB14B-ACCB-46B7-A077-5044F68E31F2}.Release|Any CPU.Build.0 = Release|Any CPU
		{6A9BB14B-ACCB-46B7-A077-5044F68E31F2}.Release|Any CPU.Deploy.0 = Release|Any CPU
		{6A9BB14B-ACCB-46B7-A077-5044F68E31F2}.Release|ARM.ActiveCfg = Release|Any CPU
		{6A9BB14B-ACCB-46B7-A077-5044F68E31F2}.Release|ARM.Build.0 = Release|Any CPU
		{6A9BB14B-ACCB-46B7-A077-5044F68E31F2}.Release|ARM.Deploy.0 = Release|Any CPU
		{6A9BB14B-ACCB-46B7-A077-5044F68E31F2}.Release|iPhone.ActiveCfg = Release|Any CPU
		{6A9BB14B-ACCB-46B7-A077-5044F68E31F2}.Release|iPhone.Build.0 = Release|Any CPU
		{6A9BB14B-ACCB-46B7-A077-5044F68E31F2}.Release|iPhone.Deploy.0 = Release|Any CPU
		{6A9BB14B-ACCB-46B7-A077-5044F68E31F2}.Release|iPhoneSimulator.ActiveCfg = Release|Any CPU
		{6A9BB14B-ACCB-46B7-A077-5044F68E31F2}.Release|iPhoneSimulator.Build.0 = Release|Any CPU
		{6A9BB14B-ACCB-46B7-A077-5044F68E31F2}.Release|iPhoneSimulator.Deploy.0 = Release|Any CPU
		{6A9BB14B-ACCB-46B7-A077-5044F68E31F2}.Release|x86.ActiveCfg = Release|Any CPU
		{6A9BB14B-ACCB-46B7-A077-5044F68E31F2}.Release|x86.Build.0 = Release|Any CPU
		{6A9BB14B-ACCB-46B7-A077-5044F68E31F2}.Release|x86.Deploy.0 = Release|Any CPU
		{93A8A1D7-11F2-4749-B33E-58AB36CFEEA3}.Ad-Hoc|Any CPU.ActiveCfg = Ad-Hoc|iPhone
		{93A8A1D7-11F2-4749-B33E-58AB36CFEEA3}.Ad-Hoc|ARM.ActiveCfg = Ad-Hoc|iPhone
		{93A8A1D7-11F2-4749-B33E-58AB36CFEEA3}.Ad-Hoc|iPhone.ActiveCfg = Ad-Hoc|iPhone
		{93A8A1D7-11F2-4749-B33E-58AB36CFEEA3}.Ad-Hoc|iPhone.Build.0 = Ad-Hoc|iPhone
		{93A8A1D7-11F2-4749-B33E-58AB36CFEEA3}.Ad-Hoc|iPhoneSimulator.ActiveCfg = Ad-Hoc|iPhoneSimulator
		{93A8A1D7-11F2-4749-B33E-58AB36CFEEA3}.Ad-Hoc|iPhoneSimulator.Build.0 = Ad-Hoc|iPhoneSimulator
		{93A8A1D7-11F2-4749-B33E-58AB36CFEEA3}.Ad-Hoc|x86.ActiveCfg = Ad-Hoc|iPhone
		{93A8A1D7-11F2-4749-B33E-58AB36CFEEA3}.AppStore|Any CPU.ActiveCfg = AppStore|iPhone
		{93A8A1D7-11F2-4749-B33E-58AB36CFEEA3}.AppStore|ARM.ActiveCfg = AppStore|iPhone
		{93A8A1D7-11F2-4749-B33E-58AB36CFEEA3}.AppStore|iPhone.ActiveCfg = AppStore|iPhone
		{93A8A1D7-11F2-4749-B33E-58AB36CFEEA3}.AppStore|iPhone.Build.0 = AppStore|iPhone
		{93A8A1D7-11F2-4749-B33E-58AB36CFEEA3}.AppStore|iPhoneSimulator.ActiveCfg = AppStore|iPhoneSimulator
		{93A8A1D7-11F2-4749-B33E-58AB36CFEEA3}.AppStore|iPhoneSimulator.Build.0 = AppStore|iPhoneSimulator
		{93A8A1D7-11F2-4749-B33E-58AB36CFEEA3}.AppStore|x86.ActiveCfg = AppStore|iPhone
		{93A8A1D7-11F2-4749-B33E-58AB36CFEEA3}.Debug|Any CPU.ActiveCfg = Debug|iPhone
		{93A8A1D7-11F2-4749-B33E-58AB36CFEEA3}.Debug|ARM.ActiveCfg = Debug|iPhone
		{93A8A1D7-11F2-4749-B33E-58AB36CFEEA3}.Debug|iPhone.ActiveCfg = Debug|iPhone
		{93A8A1D7-11F2-4749-B33E-58AB36CFEEA3}.Debug|iPhone.Build.0 = Debug|iPhone
		{93A8A1D7-11F2-4749-B33E-58AB36CFEEA3}.Debug|iPhoneSimulator.ActiveCfg = Debug|iPhoneSimulator
		{93A8A1D7-11F2-4749-B33E-58AB36CFEEA3}.Debug|iPhoneSimulator.Build.0 = Debug|iPhoneSimulator
		{93A8A1D7-11F2-4749-B33E-58AB36CFEEA3}.Debug|x86.ActiveCfg = Debug|iPhone
		{93A8A1D7-11F2-4749-B33E-58AB36CFEEA3}.Release|Any CPU.ActiveCfg = Release|iPhone
		{93A8A1D7-11F2-4749-B33E-58AB36CFEEA3}.Release|ARM.ActiveCfg = Release|iPhone
		{93A8A1D7-11F2-4749-B33E-58AB36CFEEA3}.Release|iPhone.ActiveCfg = Release|iPhone
		{93A8A1D7-11F2-4749-B33E-58AB36CFEEA3}.Release|iPhone.Build.0 = Release|iPhone
		{93A8A1D7-11F2-4749-B33E-58AB36CFEEA3}.Release|iPhoneSimulator.ActiveCfg = Release|iPhoneSimulator
		{93A8A1D7-11F2-4749-B33E-58AB36CFEEA3}.Release|iPhoneSimulator.Build.0 = Release|iPhoneSimulator
		{93A8A1D7-11F2-4749-B33E-58AB36CFEEA3}.Release|x86.ActiveCfg = Release|iPhone
	EndGlobalSection
	GlobalSection(SolutionProperties) = preSolution
		HideSolutionNode = FALSE
	EndGlobalSection
EndGlobal
